
Microsoft Visual Studio Solution File, Format Version 12.00
# Visual Studio Version 17
VisualStudioVersion = 17.0.31903.59
MinimumVisualStudioVersion = 10.0.40219.1
Project("{2150E333-8FDC-42A3-9474-1A3956D46DE8}") = "src", "src", "{DD14495B-EA05-41B2-92EA-C952B6900AD9}"
EndProject
Project("{2150E333-8FDC-42A3-9474-1A3956D46DE8}") = "tests", "tests", "{8D0F2363-8C80-4DF1-B67E-7BCA80D184D1}"
EndProject
Project("{2150E333-8FDC-42A3-9474-1A3956D46DE8}") = "Domain", "Domain", "{EE9B6430-5D7A-4B90-9C86-1BCB4FE1371B}"
EndProject
Project("{2150E333-8FDC-42A3-9474-1A3956D46DE8}") = "Application", "Application", "{99141F24-67C9-4F61-BA2D-866530F98401}"
EndProject
Project("{2150E333-8FDC-42A3-9474-1A3956D46DE8}") = "Infrastructure", "Infrastructure", "{E3FC14B4-133D-4D56-8A75-2AFD5ED5F029}"
EndProject
Project("{2150E333-8FDC-42A3-9474-1A3956D46DE8}") = "API", "API", "{24E36B0C-27D6-468E-AD99-3BA0DF4DBDD1}"
EndProject
Project("{9A19103F-16F7-4668-BE54-9A1E7A4F7556}") = "Iowa.Application", "src\Application\IohaAPI.Application\Iowa.Application.csproj", "{31E71E0F-A100-49DD-BDA7-1867F192DC84}"
EndProject
Project("{9A19103F-16F7-4668-BE54-9A1E7A4F7556}") = "Iowa.API", "src\API\IohaAPI.API\Iowa.API.csproj", "{75A3FD67-CE7E-4D47-9F53-6FDBF4CEEF3B}"
EndProject
Project("{9A19103F-16F7-4668-BE54-9A1E7A4F7556}") = "Iowa.Domain", "src\Domain\Ioha.Domain\Iowa.Domain.csproj", "{1C46C816-B795-4C49-B106-376E52A67037}"
EndProject
Project("{9A19103F-16F7-4668-BE54-9A1E7A4F7556}") = "Iowa.Infrastructure", "src\Infrastructure\Ioha.Infrastructure\Iowa.Infrastructure.csproj", "{B0E245EA-3EDA-455F-90B6-2D965DFFBE55}"
EndProject
Project("{9A19103F-16F7-4668-BE54-9A1E7A4F7556}") = "Iowa.SqlServer.DataAccess", "src\Ioha.SqlServer.DataAccess\Ioha.SqlServer.DataAccess\Iowa.SqlServer.DataAccess.csproj", "{C348E472-100F-4B9F-9788-E555FC02DBB3}"
EndProject
Project("{2150E333-8FDC-42A3-9474-1A3956D46DE8}") = "UnitTests", "UnitTests", "{C2F9543C-5A3C-4967-B892-006C9CEBDA51}"
EndProject
Project("{2150E333-8FDC-42A3-9474-1A3956D46DE8}") = "IntegrationTests", "IntegrationTests", "{5992E1A3-3CCC-465D-8377-C246112CA2DB}"
EndProject
Project("{9A19103F-16F7-4668-BE54-9A1E7A4F7556}") = "Iowa.UnitTests", "tests\UnitTests\Iowa.UnitTests\Iowa.UnitTests.csproj", "{4911A1F1-EECB-4F11-92FE-7DB5411963D6}"
EndProject
Project("{9A19103F-16F7-4668-BE54-9A1E7A4F7556}") = "Iowa.IntegrationTests", "tests\IntegrationTests\Iowa.IntegrationTests\Iowa.IntegrationTests.csproj", "{CF4AC39A-EE5D-49C8-BF5C-9477FB97D956}"
EndProject
Global
	GlobalSection(SolutionConfigurationPlatforms) = preSolution
		Debug|Any CPU = Debug|Any CPU
		Release|Any CPU = Release|Any CPU
	EndGlobalSection
	GlobalSection(ProjectConfigurationPlatforms) = postSolution
		{31E71E0F-A100-49DD-BDA7-1867F192DC84}.Debug|Any CPU.ActiveCfg = Debug|Any CPU
		{31E71E0F-A100-49DD-BDA7-1867F192DC84}.Debug|Any CPU.Build.0 = Debug|Any CPU
		{31E71E0F-A100-49DD-BDA7-1867F192DC84}.Release|Any CPU.ActiveCfg = Release|Any CPU
		{31E71E0F-A100-49DD-BDA7-1867F192DC84}.Release|Any CPU.Build.0 = Release|Any CPU
		{75A3FD67-CE7E-4D47-9F53-6FDBF4CEEF3B}.Debug|Any CPU.ActiveCfg = Debug|Any CPU
		{75A3FD67-CE7E-4D47-9F53-6FDBF4CEEF3B}.Debug|Any CPU.Build.0 = Debug|Any CPU
		{75A3FD67-CE7E-4D47-9F53-6FDBF4CEEF3B}.Release|Any CPU.ActiveCfg = Release|Any CPU
		{75A3FD67-CE7E-4D47-9F53-6FDBF4CEEF3B}.Release|Any CPU.Build.0 = Release|Any CPU
		{1C46C816-B795-4C49-B106-376E52A67037}.Debug|Any CPU.ActiveCfg = Debug|Any CPU
		{1C46C816-B795-4C49-B106-376E52A67037}.Debug|Any CPU.Build.0 = Debug|Any CPU
		{1C46C816-B795-4C49-B106-376E52A67037}.Release|Any CPU.ActiveCfg = Release|Any CPU
		{1C46C816-B795-4C49-B106-376E52A67037}.Release|Any CPU.Build.0 = Release|Any CPU
		{B0E245EA-3EDA-455F-90B6-2D965DFFBE55}.Debug|Any CPU.ActiveCfg = Debug|Any CPU
		{B0E245EA-3EDA-455F-90B6-2D965DFFBE55}.Debug|Any CPU.Build.0 = Debug|Any CPU
		{B0E245EA-3EDA-455F-90B6-2D965DFFBE55}.Release|Any CPU.ActiveCfg = Release|Any CPU
		{B0E245EA-3EDA-455F-90B6-2D965DFFBE55}.Release|Any CPU.Build.0 = Release|Any CPU
		{C348E472-100F-4B9F-9788-E555FC02DBB3}.Debug|Any CPU.ActiveCfg = Debug|Any CPU
		{C348E472-100F-4B9F-9788-E555FC02DBB3}.Debug|Any CPU.Build.0 = Debug|Any CPU
		{C348E472-100F-4B9F-9788-E555FC02DBB3}.Release|Any CPU.ActiveCfg = Release|Any CPU
		{C348E472-100F-4B9F-9788-E555FC02DBB3}.Release|Any CPU.Build.0 = Release|Any CPU
		{4911A1F1-EECB-4F11-92FE-7DB5411963D6}.Debug|Any CPU.ActiveCfg = Debug|Any CPU
		{4911A1F1-EECB-4F11-92FE-7DB5411963D6}.Debug|Any CPU.Build.0 = Debug|Any CPU
		{4911A1F1-EECB-4F11-92FE-7DB5411963D6}.Release|Any CPU.ActiveCfg = Release|Any CPU
		{4911A1F1-EECB-4F11-92FE-7DB5411963D6}.Release|Any CPU.Build.0 = Release|Any CPU
		{CF4AC39A-EE5D-49C8-BF5C-9477FB97D956}.Debug|Any CPU.ActiveCfg = Debug|Any CPU
		{CF4AC39A-EE5D-49C8-BF5C-9477FB97D956}.Debug|Any CPU.Build.0 = Debug|Any CPU
		{CF4AC39A-EE5D-49C8-BF5C-9477FB97D956}.Release|Any CPU.ActiveCfg = Release|Any CPU
		{CF4AC39A-EE5D-49C8-BF5C-9477FB97D956}.Release|Any CPU.Build.0 = Release|Any CPU
	EndGlobalSection
	GlobalSection(SolutionProperties) = preSolution
		HideSolutionNode = FALSE
	EndGlobalSection
	GlobalSection(NestedProjects) = preSolution
		{EE9B6430-5D7A-4B90-9C86-1BCB4FE1371B} = {DD14495B-EA05-41B2-92EA-C952B6900AD9}
		{99141F24-67C9-4F61-BA2D-866530F98401} = {DD14495B-EA05-41B2-92EA-C952B6900AD9}
		{E3FC14B4-133D-4D56-8A75-2AFD5ED5F029} = {DD14495B-EA05-41B2-92EA-C952B6900AD9}
		{24E36B0C-27D6-468E-AD99-3BA0DF4DBDD1} = {DD14495B-EA05-41B2-92EA-C952B6900AD9}
		{31E71E0F-A100-49DD-BDA7-1867F192DC84} = {99141F24-67C9-4F61-BA2D-866530F98401}
		{75A3FD67-CE7E-4D47-9F53-6FDBF4CEEF3B} = {24E36B0C-27D6-468E-AD99-3BA0DF4DBDD1}
		{1C46C816-B795-4C49-B106-376E52A67037} = {EE9B6430-5D7A-4B90-9C86-1BCB4FE1371B}
		{B0E245EA-3EDA-455F-90B6-2D965DFFBE55} = {E3FC14B4-133D-4D56-8A75-2AFD5ED5F029}
		{C348E472-100F-4B9F-9788-E555FC02DBB3} = {E3FC14B4-133D-4D56-8A75-2AFD5ED5F029}
		{C2F9543C-5A3C-4967-B892-006C9CEBDA51} = {8D0F2363-8C80-4DF1-B67E-7BCA80D184D1}
		{5992E1A3-3CCC-465D-8377-C246112CA2DB} = {8D0F2363-8C80-4DF1-B67E-7BCA80D184D1}
		{4911A1F1-EECB-4F11-92FE-7DB5411963D6} = {C2F9543C-5A3C-4967-B892-006C9CEBDA51}
		{CF4AC39A-EE5D-49C8-BF5C-9477FB97D956} = {5992E1A3-3CCC-465D-8377-C246112CA2DB}
	EndGlobalSection
	GlobalSection(ExtensibilityGlobals) = postSolution
		SolutionGuid = {C31D790E-BE5E-45A8-8281-9974A78256BD}
	EndGlobalSection
EndGlobal
