
Microsoft Visual Studio Solution File, Format Version 12.00
# Visual Studio Version 17
VisualStudioVersion = 17.0.31903.59
MinimumVisualStudioVersion = 10.0.40219.1
Project("{2150E333-8FDC-42A3-9474-1A3956D46DE8}") = "src", "src", "{DD14495B-EA05-41B2-92EA-C952B6900AD9}"
EndProject
Project("{2150E333-8FDC-42A3-9474-1A3956D46DE8}") = "tests", "tests", "{8D0F2363-8C80-4DF1-B67E-7BCA80D184D1}"
EndProject
Project("{2150E333-8FDC-42A3-9474-1A3956D46DE8}") = "Domain", "Domain", "{EE9B6430-5D7A-4B90-9C86-1BCB4FE1371B}"
EndProject
Project("{2150E333-8FDC-42A3-9474-1A3956D46DE8}") = "Application", "Application", "{99141F24-67C9-4F61-BA2D-866530F98401}"
EndProject
Project("{2150E333-8FDC-42A3-9474-1A3956D46DE8}") = "Infrastructure", "Infrastructure", "{E3FC14B4-133D-4D56-8A75-2AFD5ED5F029}"
EndProject
Project("{2150E333-8FDC-42A3-9474-1A3956D46DE8}") = "API", "API", "{24E36B0C-27D6-468E-AD99-3BA0DF4DBDD1}"
EndProject
Project("{2150E333-8FDC-42A3-9474-1A3956D46DE8}") = "UnitTests", "UnitTests", "{C2F9543C-5A3C-4967-B892-006C9CEBDA51}"
EndProject
Project("{2150E333-8FDC-42A3-9474-1A3956D46DE8}") = "IntegrationTests", "IntegrationTests", "{5992E1A3-3CCC-465D-8377-C246112CA2DB}"
EndProject
Project("{9A19103F-16F7-4668-BE54-9A1E7A4F7556}") = "Iowa.UnitTests", "tests\UnitTests\Iowa.UnitTests\Iowa.UnitTests.csproj", "{4911A1F1-EECB-4F11-92FE-7DB5411963D6}"
EndProject
Project("{9A19103F-16F7-4668-BE54-9A1E7A4F7556}") = "Iowa.IntegrationTests", "tests\IntegrationTests\Iowa.IntegrationTests\Iowa.IntegrationTests.csproj", "{CF4AC39A-EE5D-49C8-BF5C-9477FB97D956}"
EndProject
Project("{9A19103F-16F7-4668-BE54-9A1E7A4F7556}") = "Iowa.API", "src\API\Iowa.API\Iowa.API.csproj", "{F81BE120-C894-49F8-AE30-72C17822F0A0}"
EndProject
Project("{9A19103F-16F7-4668-BE54-9A1E7A4F7556}") = "Iowa.Application", "src\Application\Iowa.Application\Iowa.Application.csproj", "{B8BCAC81-41F8-4AB6-8BCB-331EE57E15C9}"
EndProject
Project("{9A19103F-16F7-4668-BE54-9A1E7A4F7556}") = "Iowa.Domain", "src\Domain\Iowa.Domain\Iowa.Domain.csproj", "{C7FE497A-1484-4D8E-9D86-5C0E4390EF5E}"
EndProject
Project("{9A19103F-16F7-4668-BE54-9A1E7A4F7556}") = "Iowa.Infrastructure", "src\Infrastructure\Iowa.Infrastructure\Iowa.Infrastructure.csproj", "{E3E3029A-36CB-4B9E-9CC0-C901679E6E91}"
EndProject
Project("{9A19103F-16F7-4668-BE54-9A1E7A4F7556}") = "Iowa.SqlServer.DataAccess", "src\Infrastructure\Iowa.SqlServer.DataAccess\Iowa.SqlServer.DataAccess.csproj", "{96FC7B8F-642A-464B-B008-C6265AEA4EBD}"
EndProject
Project("{FAE04EC0-301F-11D3-BF4B-00C04F79EFBC}") = "Iowa.Contracts", "src\API\Iowa.Contracts\Iowa.Contracts.csproj", "{A8AA7BC5-2C76-4CBA-A1E1-DA6C4ED408EC}"
EndProject
Global
	GlobalSection(SolutionConfigurationPlatforms) = preSolution
		Debug|Any CPU = Debug|Any CPU
		Release|Any CPU = Release|Any CPU
	EndGlobalSection
	GlobalSection(ProjectConfigurationPlatforms) = postSolution
		{4911A1F1-EECB-4F11-92FE-7DB5411963D6}.Debug|Any CPU.ActiveCfg = Debug|Any CPU
		{4911A1F1-EECB-4F11-92FE-7DB5411963D6}.Debug|Any CPU.Build.0 = Debug|Any CPU
		{4911A1F1-EECB-4F11-92FE-7DB5411963D6}.Release|Any CPU.ActiveCfg = Release|Any CPU
		{4911A1F1-EECB-4F11-92FE-7DB5411963D6}.Release|Any CPU.Build.0 = Release|Any CPU
		{CF4AC39A-EE5D-49C8-BF5C-9477FB97D956}.Debug|Any CPU.ActiveCfg = Debug|Any CPU
		{CF4AC39A-EE5D-49C8-BF5C-9477FB97D956}.Debug|Any CPU.Build.0 = Debug|Any CPU
		{CF4AC39A-EE5D-49C8-BF5C-9477FB97D956}.Release|Any CPU.ActiveCfg = Release|Any CPU
		{CF4AC39A-EE5D-49C8-BF5C-9477FB97D956}.Release|Any CPU.Build.0 = Release|Any CPU
		{F81BE120-C894-49F8-AE30-72C17822F0A0}.Debug|Any CPU.ActiveCfg = Debug|Any CPU
		{F81BE120-C894-49F8-AE30-72C17822F0A0}.Debug|Any CPU.Build.0 = Debug|Any CPU
		{F81BE120-C894-49F8-AE30-72C17822F0A0}.Release|Any CPU.ActiveCfg = Release|Any CPU
		{F81BE120-C894-49F8-AE30-72C17822F0A0}.Release|Any CPU.Build.0 = Release|Any CPU
		{B8BCAC81-41F8-4AB6-8BCB-331EE57E15C9}.Debug|Any CPU.ActiveCfg = Debug|Any CPU
		{B8BCAC81-41F8-4AB6-8BCB-331EE57E15C9}.Debug|Any CPU.Build.0 = Debug|Any CPU
		{B8BCAC81-41F8-4AB6-8BCB-331EE57E15C9}.Release|Any CPU.ActiveCfg = Release|Any CPU
		{B8BCAC81-41F8-4AB6-8BCB-331EE57E15C9}.Release|Any CPU.Build.0 = Release|Any CPU
		{C7FE497A-1484-4D8E-9D86-5C0E4390EF5E}.Debug|Any CPU.ActiveCfg = Debug|Any CPU
		{C7FE497A-1484-4D8E-9D86-5C0E4390EF5E}.Debug|Any CPU.Build.0 = Debug|Any CPU
		{C7FE497A-1484-4D8E-9D86-5C0E4390EF5E}.Release|Any CPU.ActiveCfg = Release|Any CPU
		{C7FE497A-1484-4D8E-9D86-5C0E4390EF5E}.Release|Any CPU.Build.0 = Release|Any CPU
		{E3E3029A-36CB-4B9E-9CC0-C901679E6E91}.Debug|Any CPU.ActiveCfg = Debug|Any CPU
		{E3E3029A-36CB-4B9E-9CC0-C901679E6E91}.Debug|Any CPU.Build.0 = Debug|Any CPU
		{E3E3029A-36CB-4B9E-9CC0-C901679E6E91}.Release|Any CPU.ActiveCfg = Release|Any CPU
		{E3E3029A-36CB-4B9E-9CC0-C901679E6E91}.Release|Any CPU.Build.0 = Release|Any CPU
		{96FC7B8F-642A-464B-B008-C6265AEA4EBD}.Debug|Any CPU.ActiveCfg = Debug|Any CPU
		{96FC7B8F-642A-464B-B008-C6265AEA4EBD}.Debug|Any CPU.Build.0 = Debug|Any CPU
		{96FC7B8F-642A-464B-B008-C6265AEA4EBD}.Release|Any CPU.ActiveCfg = Release|Any CPU
		{96FC7B8F-642A-464B-B008-C6265AEA4EBD}.Release|Any CPU.Build.0 = Release|Any CPU
		{A8AA7BC5-2C76-4CBA-A1E1-DA6C4ED408EC}.Debug|Any CPU.ActiveCfg = Debug|Any CPU
		{A8AA7BC5-2C76-4CBA-A1E1-DA6C4ED408EC}.Debug|Any CPU.Build.0 = Debug|Any CPU
		{A8AA7BC5-2C76-4CBA-A1E1-DA6C4ED408EC}.Release|Any CPU.ActiveCfg = Release|Any CPU
		{A8AA7BC5-2C76-4CBA-A1E1-DA6C4ED408EC}.Release|Any CPU.Build.0 = Release|Any CPU
	EndGlobalSection
	GlobalSection(SolutionProperties) = preSolution
		HideSolutionNode = FALSE
	EndGlobalSection
	GlobalSection(NestedProjects) = preSolution
		{EE9B6430-5D7A-4B90-9C86-1BCB4FE1371B} = {DD14495B-EA05-41B2-92EA-C952B6900AD9}
		{99141F24-67C9-4F61-BA2D-866530F98401} = {DD14495B-EA05-41B2-92EA-C952B6900AD9}
		{E3FC14B4-133D-4D56-8A75-2AFD5ED5F029} = {DD14495B-EA05-41B2-92EA-C952B6900AD9}
		{24E36B0C-27D6-468E-AD99-3BA0DF4DBDD1} = {DD14495B-EA05-41B2-92EA-C952B6900AD9}
		{C2F9543C-5A3C-4967-B892-006C9CEBDA51} = {8D0F2363-8C80-4DF1-B67E-7BCA80D184D1}
		{5992E1A3-3CCC-465D-8377-C246112CA2DB} = {8D0F2363-8C80-4DF1-B67E-7BCA80D184D1}
		{4911A1F1-EECB-4F11-92FE-7DB5411963D6} = {C2F9543C-5A3C-4967-B892-006C9CEBDA51}
		{CF4AC39A-EE5D-49C8-BF5C-9477FB97D956} = {5992E1A3-3CCC-465D-8377-C246112CA2DB}
		{F81BE120-C894-49F8-AE30-72C17822F0A0} = {24E36B0C-27D6-468E-AD99-3BA0DF4DBDD1}
		{B8BCAC81-41F8-4AB6-8BCB-331EE57E15C9} = {99141F24-67C9-4F61-BA2D-866530F98401}
		{C7FE497A-1484-4D8E-9D86-5C0E4390EF5E} = {EE9B6430-5D7A-4B90-9C86-1BCB4FE1371B}
		{E3E3029A-36CB-4B9E-9CC0-C901679E6E91} = {E3FC14B4-133D-4D56-8A75-2AFD5ED5F029}
		{96FC7B8F-642A-464B-B008-C6265AEA4EBD} = {E3FC14B4-133D-4D56-8A75-2AFD5ED5F029}
		{A8AA7BC5-2C76-4CBA-A1E1-DA6C4ED408EC} = {24E36B0C-27D6-468E-AD99-3BA0DF4DBDD1}
	EndGlobalSection
	GlobalSection(ExtensibilityGlobals) = postSolution
		SolutionGuid = {C31D790E-BE5E-45A8-8281-9974A78256BD}
	EndGlobalSection
EndGlobal
